
Microsoft Visual Studio Solution File, Format Version 12.00
# Visual Studio Version 16
VisualStudioVersion = 16.0.32407.337
MinimumVisualStudioVersion = 10.0.40219.1
Project("{FAE04EC0-301F-11D3-BF4B-00C04F79EFBC}") = "NPCManager", "NPCManager.csproj", "{DD7D4F86-F51B-4EC9-869B-2B6F0F3C8411}"
EndProject
Global
	GlobalSection(SolutionConfigurationPlatforms) = preSolution
		Debug|Any CPU = Debug|Any CPU
		Release|Any CPU = Release|Any CPU
	EndGlobalSection
	GlobalSection(ProjectConfigurationPlatforms) = postSolution
		{DD7D4F86-F51B-4EC9-869B-2B6F0F3C8411}.Debug|Any CPU.ActiveCfg = Debug|Any CPU
		{DD7D4F86-F51B-4EC9-869B-2B6F0F3C8411}.Debug|Any CPU.Build.0 = Debug|Any CPU
		{DD7D4F86-F51B-4EC9-869B-2B6F0F3C8411}.Release|Any CPU.ActiveCfg = Release|Any CPU
		{DD7D4F86-F51B-4EC9-869B-2B6F0F3C8411}.Release|Any CPU.Build.0 = Release|Any CPU
	EndGlobalSection
	GlobalSection(SolutionProperties) = preSolution
		HideSolutionNode = FALSE
	EndGlobalSection
	GlobalSection(ExtensibilityGlobals) = postSolution
		SolutionGuid = {7C9AE462-24C5-4496-BBDA-4EEFA23B8CC7}
	EndGlobalSection
EndGlobal
